
Microsoft Visual Studio Solution File, Format Version 12.00
# Visual Studio 15
VisualStudioVersion = 15.0.28010.2026
MinimumVisualStudioVersion = 10.0.40219.1
Project("{FAE04EC0-301F-11D3-BF4B-00C04F79EFBC}") = "VMSSTest.Api", "VMSSTest\VMSSTest.Api\VMSSTest.Api.csproj", "{526DD5FA-B533-46DA-AE80-629462D4D4C0}"
EndProject
Project("{FAE04EC0-301F-11D3-BF4B-00C04F79EFBC}") = "VMSSTest.Domain", "VMSSTest\VMSSTest.Domain\VMSSTest.Domain.csproj", "{40F372BD-E66C-4016-9AE4-2864F4E45903}"
EndProject
Project("{FAE04EC0-301F-11D3-BF4B-00C04F79EFBC}") = "VMSSTest.Entity", "VMSSTest\VMSSTest.Entity\VMSSTest.Entity.csproj", "{CDCD18A6-D425-405E-8DC9-7E08C0E9FA3C}"
EndProject
Project("{2150E333-8FDC-42A3-9474-1A3956D46DE8}") = "Deploy", "Deploy", "{9E4488B6-D570-49F2-8BDB-03222378ED7F}"
	ProjectSection(SolutionItems) = preProject
		copyprojectfiles.ps1 = copyprojectfiles.ps1
		VMSSTest\Deploy\DeployAspApp1.ps1 = VMSSTest\Deploy\DeployAspApp1.ps1
		VMSSTest\Deploy\vmsscreateorupdate.ps1 = VMSSTest\Deploy\vmsscreateorupdate.ps1
	EndProjectSection
EndProject
Global
	GlobalSection(SolutionConfigurationPlatforms) = preSolution
		Debug|Any CPU = Debug|Any CPU
		Release|Any CPU = Release|Any CPU
	EndGlobalSection
	GlobalSection(ProjectConfigurationPlatforms) = postSolution
		{526DD5FA-B533-46DA-AE80-629462D4D4C0}.Debug|Any CPU.ActiveCfg = Debug|Any CPU
		{526DD5FA-B533-46DA-AE80-629462D4D4C0}.Debug|Any CPU.Build.0 = Debug|Any CPU
		{526DD5FA-B533-46DA-AE80-629462D4D4C0}.Release|Any CPU.ActiveCfg = Release|Any CPU
		{526DD5FA-B533-46DA-AE80-629462D4D4C0}.Release|Any CPU.Build.0 = Release|Any CPU
		{40F372BD-E66C-4016-9AE4-2864F4E45903}.Debug|Any CPU.ActiveCfg = Debug|Any CPU
		{40F372BD-E66C-4016-9AE4-2864F4E45903}.Debug|Any CPU.Build.0 = Debug|Any CPU
		{40F372BD-E66C-4016-9AE4-2864F4E45903}.Release|Any CPU.ActiveCfg = Release|Any CPU
		{40F372BD-E66C-4016-9AE4-2864F4E45903}.Release|Any CPU.Build.0 = Release|Any CPU
		{CDCD18A6-D425-405E-8DC9-7E08C0E9FA3C}.Debug|Any CPU.ActiveCfg = Debug|Any CPU
		{CDCD18A6-D425-405E-8DC9-7E08C0E9FA3C}.Debug|Any CPU.Build.0 = Debug|Any CPU
		{CDCD18A6-D425-405E-8DC9-7E08C0E9FA3C}.Release|Any CPU.ActiveCfg = Release|Any CPU
		{CDCD18A6-D425-405E-8DC9-7E08C0E9FA3C}.Release|Any CPU.Build.0 = Release|Any CPU
	EndGlobalSection
	GlobalSection(SolutionProperties) = preSolution
		HideSolutionNode = FALSE
	EndGlobalSection
	GlobalSection(ExtensibilityGlobals) = postSolution
		SolutionGuid = {B3D9C887-DF82-42D3-87C9-AFF47B31FE82}
	EndGlobalSection
EndGlobal
